
Microsoft Visual Studio Solution File, Format Version 12.00
# Visual Studio Version 16
VisualStudioVersion = 16.0.31019.35
MinimumVisualStudioVersion = 10.0.40219.1
Project("{FAE04EC0-301F-11D3-BF4B-00C04F79EFBC}") = "Guess_My_Number_Game(Bisection Algorithm)", "Guess_My_Number_Game(Bisection Algorithm)\Guess_My_Number_Game(Bisection Algorithm).csproj", "{910F7253-C192-46E7-90A1-EC1DF75C685C}"
EndProject
Global
	GlobalSection(SolutionConfigurationPlatforms) = preSolution
		Debug|Any CPU = Debug|Any CPU
		Release|Any CPU = Release|Any CPU
	EndGlobalSection
	GlobalSection(ProjectConfigurationPlatforms) = postSolution
		{910F7253-C192-46E7-90A1-EC1DF75C685C}.Debug|Any CPU.ActiveCfg = Debug|Any CPU
		{910F7253-C192-46E7-90A1-EC1DF75C685C}.Debug|Any CPU.Build.0 = Debug|Any CPU
		{910F7253-C192-46E7-90A1-EC1DF75C685C}.Release|Any CPU.ActiveCfg = Release|Any CPU
		{910F7253-C192-46E7-90A1-EC1DF75C685C}.Release|Any CPU.Build.0 = Release|Any CPU
	EndGlobalSection
	GlobalSection(SolutionProperties) = preSolution
		HideSolutionNode = FALSE
	EndGlobalSection
	GlobalSection(ExtensibilityGlobals) = postSolution
		SolutionGuid = {207827AC-51CC-4AC2-9DCC-7FFDA45FDAB7}
	EndGlobalSection
EndGlobal
